
Microsoft Visual Studio Solution File, Format Version 12.00
# Visual Studio Version 16
VisualStudioVersion = 16.0.30804.86
MinimumVisualStudioVersion = 10.0.40219.1
Project("{FAE04EC0-301F-11D3-BF4B-00C04F79EFBC}") = "Automailapp_MrQuang", "Automailapp_MrQuang\Automailapp_MrQuang.csproj", "{51C66024-FE14-4610-B811-6F9C8415D002}"
EndProject
Global
	GlobalSection(SolutionConfigurationPlatforms) = preSolution
		Debug|Any CPU = Debug|Any CPU
		Release|Any CPU = Release|Any CPU
	EndGlobalSection
	GlobalSection(ProjectConfigurationPlatforms) = postSolution
		{51C66024-FE14-4610-B811-6F9C8415D002}.Debug|Any CPU.ActiveCfg = Debug|Any CPU
		{51C66024-FE14-4610-B811-6F9C8415D002}.Debug|Any CPU.Build.0 = Debug|Any CPU
		{51C66024-FE14-4610-B811-6F9C8415D002}.Release|Any CPU.ActiveCfg = Release|Any CPU
		{51C66024-FE14-4610-B811-6F9C8415D002}.Release|Any CPU.Build.0 = Release|Any CPU
	EndGlobalSection
	GlobalSection(SolutionProperties) = preSolution
		HideSolutionNode = FALSE
	EndGlobalSection
	GlobalSection(ExtensibilityGlobals) = postSolution
		SolutionGuid = {D6F8C510-DD9F-4F31-8FB4-877FA105208D}
	EndGlobalSection
EndGlobal
